
Microsoft Visual Studio Solution File, Format Version 12.00
# Visual Studio Version 17
VisualStudioVersion = 17.9.34728.123
MinimumVisualStudioVersion = 10.0.40219.1
Project("{FAE04EC0-301F-11D3-BF4B-00C04F79EFBC}") = "PruebaTecnica-Lester", "PruebaTecnica-Lester\PruebaTecnica-Lester.csproj", "{047FCC6E-7B22-4029-B874-B68436C5B25D}"
EndProject
Global
	GlobalSection(SolutionConfigurationPlatforms) = preSolution
		Debug|Any CPU = Debug|Any CPU
		Release|Any CPU = Release|Any CPU
	EndGlobalSection
	GlobalSection(ProjectConfigurationPlatforms) = postSolution
		{047FCC6E-7B22-4029-B874-B68436C5B25D}.Debug|Any CPU.ActiveCfg = Debug|Any CPU
		{047FCC6E-7B22-4029-B874-B68436C5B25D}.Debug|Any CPU.Build.0 = Debug|Any CPU
		{047FCC6E-7B22-4029-B874-B68436C5B25D}.Release|Any CPU.ActiveCfg = Release|Any CPU
		{047FCC6E-7B22-4029-B874-B68436C5B25D}.Release|Any CPU.Build.0 = Release|Any CPU
	EndGlobalSection
	GlobalSection(SolutionProperties) = preSolution
		HideSolutionNode = FALSE
	EndGlobalSection
	GlobalSection(ExtensibilityGlobals) = postSolution
		SolutionGuid = {6F412BCF-1E5C-483C-BA4C-EE00EB66CFCD}
	EndGlobalSection
EndGlobal
